{
  "lockfile_version": "1",
  "packages": {
    "github:NixOS/nixpkgs/nixpkgs-unstable": {
      "last_modified": "2026-04-09T19:38:50Z",
      "resolved": "github:NixOS/nixpkgs/b0188973b4b2a5b6bdba8b65381d6cd09a533da0?lastModified=1775763530&narHash=sha256-BuTK9z1QEwWPOIakQ1gCN4pa4VwVJpfptYCviy2uOGc%3D"
    },
    "glibcLocales@2.40-66": {
      "last_modified": "2025-05-16T20:19:48Z",
      "resolved": "github:NixOS/nixpkgs/12a55407652e04dcf2309436eb06fef0d3713ef3#glibcLocales",
      "source": "devbox-search",
      "version": "2.40-66",
      "systems": {
        "aarch64-linux": {
          "outputs": [
            {
              "name": "out",
              "path": "/nix/store/2hb8s2i45cx30qqhayzzsfbg12k8d8fs-glibc-locales-2.40-66",
              "default": true
            }
          ],
          "store_path": "/nix/store/2hb8s2i45cx30qqhayzzsfbg12k8d8fs-glibc-locales-2.40-66"
        },
        "x86_64-linux": {
          "outputs": [
            {
              "name": "out",
              "path": "/nix/store/d91i3lzpkii5kabfx1kxvl3banc47min-glibc-locales-2.40-66",
              "default": true
            }
          ],
          "store_path": "/nix/store/d91i3lzpkii5kabfx1kxvl3banc47min-glibc-locales-2.40-66"
        }
      }
    },
    "gnumake@4.4.1": {
      "last_modified": "2024-10-13T23:44:06Z",
      "resolved": "github:NixOS/nixpkgs/d4f247e89f6e10120f911e2e2d2254a050d0f732#gnumake",
      "source": "devbox-search",
      "version": "4.4.1",
      "systems": {
        "aarch64-darwin": {
          "store_path": "/nix/store/xqd18p6bfh63xgy6r27ryj43m05sygfd-gnumake-4.4.1"
        },
        "aarch64-linux": {
          "store_path": "/nix/store/7vavvidkcwpkcv7vl2k695w1sj3d0v6d-gnumake-4.4.1"
        },
        "x86_64-darwin": {
          "store_path": "/nix/store/1f90m5f11kfyyg198qblv1x7blycfvfd-gnumake-4.4.1"
        },
        "x86_64-linux": {
          "store_path": "/nix/store/w44ahngg3y69rpq62f4agzl747y872as-gnumake-4.4.1"
        }
      }
    },
    "go@1.26.1": {
      "last_modified": "2026-03-10T02:35:18Z",
      "resolved": "github:NixOS/nixpkgs/e607cb5360ff1234862ac9f8839522becb853bb9#go_1_26",
      "source": "devbox-search",
      "version": "1.26.1",
      "systems": {
        "aarch64-darwin": {
          "outputs": [
            {
              "name": "out",
              "path": "/nix/store/jywi4m1c3l499kb43rykvvl52vds5nsv-go-1.26.1",
              "default": true
            }
          ],
          "store_path": "/nix/store/jywi4m1c3l499kb43rykvvl52vds5nsv-go-1.26.1"
        },
        "aarch64-linux": {
          "outputs": [
            {
              "name": "out",
              "path": "/nix/store/cb97739g243gdznzhbv712mxwi99mbdv-go-1.26.1",
              "default": true
            }
          ],
          "store_path": "/nix/store/cb97739g243gdznzhbv712mxwi99mbdv-go-1.26.1"
        },
        "x86_64-darwin": {
          "outputs": [
            {
              "name": "out",
              "path": "/nix/store/i5acnqwv68r2hcbzwiysklgr1q7qw4gw-go-1.26.1",
              "default": true
            }
          ],
          "store_path": "/nix/store/i5acnqwv68r2hcbzwiysklgr1q7qw4gw-go-1.26.1"
        },
        "x86_64-linux": {
          "outputs": [
            {
              "name": "out",
              "path": "/nix/store/bnv5q7irdqhp63620r8svjm2acfg9swl-go-1.26.1",
              "default": true
            }
          ],
          "store_path": "/nix/store/bnv5q7irdqhp63620r8svjm2acfg9swl-go-1.26.1"
        }
      }
    },
    "kubernetes-helm@3.13.3": {
      "last_modified": "2024-01-27T14:55:31Z",
      "resolved": "github:NixOS/nixpkgs/160b762eda6d139ac10ae081f8f78d640dd523eb#kubernetes-helm",
      "source": "devbox-search",
      "version": "3.13.3",
      "systems": {
        "aarch64-darwin": {
          "store_path": "/nix/store/s15ghsgbb8ziwm5wzd547gh8h0pv54wa-kubernetes-helm-3.13.3"
        },
        "aarch64-linux": {
          "store_path": "/nix/store/gp97zk09cv9b3kd6x0df5p6i2lijclqy-kubernetes-helm-3.13.3"
        },
        "x86_64-darwin": {
          "store_path": "/nix/store/iia083d6skha9sg80plvjjfzql2by8rc-kubernetes-helm-3.13.3"
        },
        "x86_64-linux": {
          "store_path": "/nix/store/jv37f1mm61bspinaw9q2hq67vn9qydyk-kubernetes-helm-3.13.3"
        }
      }
    },
    "maven@3.9.11": {
      "last_modified": "2025-11-23T21:50:36Z",
      "resolved": "github:NixOS/nixpkgs/ee09932cedcef15aaf476f9343d1dea2cb77e261#maven",
      "source": "devbox-search",
      "version": "3.9.11",
      "systems": {
        "aarch64-darwin": {
          "outputs": [
            {
              "name": "out",
              "path": "/nix/store/xqja439g5mrggz87a4f4hp9rdwjmkwj4-maven-3.9.11",
              "default": true
            }
          ],
          "store_path": "/nix/store/xqja439g5mrggz87a4f4hp9rdwjmkwj4-maven-3.9.11"
        },
        "aarch64-linux": {
          "outputs": [
            {
              "name": "out",
              "path": "/nix/store/sjhc4f9kvcr9vz3skyl3dvhir2dby2f1-maven-3.9.11",
              "default": true
            }
          ],
          "store_path": "/nix/store/sjhc4f9kvcr9vz3skyl3dvhir2dby2f1-maven-3.9.11"
        },
        "x86_64-darwin": {
          "outputs": [
            {
              "name": "out",
              "path": "/nix/store/90qdbpmykzmgxm2df56axf8lxh1bdv5k-maven-3.9.11",
              "default": true
            }
          ],
          "store_path": "/nix/store/90qdbpmykzmgxm2df56axf8lxh1bdv5k-maven-3.9.11"
        },
        "x86_64-linux": {
          "outputs": [
            {
              "name": "out",
              "path": "/nix/store/4djac4688b16msvhkmyp217ad9kc1m5s-maven-3.9.11",
              "default": true
            }
          ],
          "store_path": "/nix/store/4djac4688b16msvhkmyp217ad9kc1m5s-maven-3.9.11"
        }
      }
    },
    "nodejs@24.12.0": {
      "last_modified": "2025-12-29T16:45:58Z",
      "plugin_version": "0.0.2",
      "resolved": "github:NixOS/nixpkgs/346dd96ad74dc4457a9db9de4f4f57dab2e5731d#nodejs_24",
      "source": "devbox-search",
      "version": "24.12.0",
      "systems": {
        "aarch64-darwin": {
          "outputs": [
            {
              "name": "out",
              "path": "/nix/store/b1h0af3yb3z9jz048phclcqw6ihiww67-nodejs-24.12.0",
              "default": true
            },
            {
              "name": "dev",
              "path": "/nix/store/ksn4nj0nbp0ikmh4scy9x4biqqdswwhy-nodejs-24.12.0-dev"
            },
            {
              "name": "libv8",
              "path": "/nix/store/3x72bm7l30ib7l7cximrp0sklcq8jqwy-nodejs-24.12.0-libv8"
            }
          ],
          "store_path": "/nix/store/b1h0af3yb3z9jz048phclcqw6ihiww67-nodejs-24.12.0"
        },
        "aarch64-linux": {
          "outputs": [
            {
              "name": "out",
              "path": "/nix/store/9jfsyhcr9c6rpm94lrkibv75jkggvwss-nodejs-24.12.0",
              "default": true
            },
            {
              "name": "dev",
              "path": "/nix/store/7izhv9x1yvsmyrhmmyps6bxjjclajm80-nodejs-24.12.0-dev"
            },
            {
              "name": "libv8",
              "path": "/nix/store/8hl74pnc1qyz68rg10ixw7fz32hcxqkk-nodejs-24.12.0-libv8"
            }
          ],
          "store_path": "/nix/store/9jfsyhcr9c6rpm94lrkibv75jkggvwss-nodejs-24.12.0"
        },
        "x86_64-darwin": {
          "outputs": [
            {
              "name": "out",
              "path": "/nix/store/cj1243xswxvnwgifyiyg8axhn0r2vl48-nodejs-24.12.0",
              "default": true
            },
            {
              "name": "dev",
              "path": "/nix/store/kzia3rkaf9vwpn3py23q9v49jpjm6zx7-nodejs-24.12.0-dev"
            },
            {
              "name": "libv8",
              "path": "/nix/store/xszji81xj7ghjhz7jk0jkhb84nfwyd8f-nodejs-24.12.0-libv8"
            }
          ],
          "store_path": "/nix/store/cj1243xswxvnwgifyiyg8axhn0r2vl48-nodejs-24.12.0"
        },
        "x86_64-linux": {
          "outputs": [
            {
              "name": "out",
              "path": "/nix/store/9z1v3wyrxp6fpyzw21lcakd5w7aknzyc-nodejs-24.12.0",
              "default": true
            },
            {
              "name": "libv8",
              "path": "/nix/store/5yvx909wlis13qd2y1ahwl7ij21ma69a-nodejs-24.12.0-libv8"
            },
            {
              "name": "dev",
              "path": "/nix/store/7ll99p08gmpg0n048669p80zjibl5akr-nodejs-24.12.0-dev"
            }
          ],
          "store_path": "/nix/store/9z1v3wyrxp6fpyzw21lcakd5w7aknzyc-nodejs-24.12.0"
        }
      }
    },
    "temurin-bin-17@17.0.9": {
      "last_modified": "2024-06-12T20:55:33Z",
      "resolved": "github:NixOS/nixpkgs/a9858885e197f984d92d7fe64e9fff6b2e488d40#temurin-bin-17",
      "source": "devbox-search",
      "version": "17.0.9",
      "systems": {
        "aarch64-darwin": {
          "outputs": [
            {
              "name": "out",
              "path": "/nix/store/6dfds89qqlzg4rdp9bf3nlpisx05lmcj-temurin-bin-17.0.9",
              "default": true
            }
          ],
          "store_path": "/nix/store/6dfds89qqlzg4rdp9bf3nlpisx05lmcj-temurin-bin-17.0.9"
        },
        "aarch64-linux": {
          "outputs": [
            {
              "name": "out",
              "path": "/nix/store/xbkf0hfcaw0jbqf7pm70xwinn655pz50-temurin-bin-17.0.9",
              "default": true
            }
          ],
          "store_path": "/nix/store/xbkf0hfcaw0jbqf7pm70xwinn655pz50-temurin-bin-17.0.9"
        },
        "x86_64-darwin": {
          "outputs": [
            {
              "name": "out",
              "path": "/nix/store/rxi440bp4g1njffgrbl5w1209hclawxn-temurin-bin-17.0.9",
              "default": true
            }
          ],
          "store_path": "/nix/store/rxi440bp4g1njffgrbl5w1209hclawxn-temurin-bin-17.0.9"
        },
        "x86_64-linux": {
          "outputs": [
            {
              "name": "out",
              "path": "/nix/store/55gj16bms465y8giaf5jch2bbs12yrbf-temurin-bin-17.0.9",
              "default": true
            }
          ],
          "store_path": "/nix/store/55gj16bms465y8giaf5jch2bbs12yrbf-temurin-bin-17.0.9"
        }
      }
    }
  }
}
