{
  "lockfile_version": "1",
  "packages": {
    "github:NixOS/nixpkgs/nixpkgs-unstable": {
      "last_modified": "2025-06-22T15:15:55Z",
      "resolved": "github:NixOS/nixpkgs/3078b9a9e75f1790e6d6ef9955fdc6a2d1740cc6?lastModified=1750605355&narHash=sha256-xT8cPLTxlktxI9vSdoBlAVK7dXgd8IK59j7ZwzkkhnI%3D"
    },
    "glibcLocales@2.40-66": {
      "last_modified": "2025-05-16T20:19:48Z",
      "resolved": "github:NixOS/nixpkgs/12a55407652e04dcf2309436eb06fef0d3713ef3#glibcLocales",
      "source": "devbox-search",
      "version": "2.40-66",
      "systems": {
        "aarch64-linux": {
          "outputs": [
            {
              "name": "out",
              "path": "/nix/store/2hb8s2i45cx30qqhayzzsfbg12k8d8fs-glibc-locales-2.40-66",
              "default": true
            }
          ],
          "store_path": "/nix/store/2hb8s2i45cx30qqhayzzsfbg12k8d8fs-glibc-locales-2.40-66"
        },
        "x86_64-linux": {
          "outputs": [
            {
              "name": "out",
              "path": "/nix/store/d91i3lzpkii5kabfx1kxvl3banc47min-glibc-locales-2.40-66",
              "default": true
            }
          ],
          "store_path": "/nix/store/d91i3lzpkii5kabfx1kxvl3banc47min-glibc-locales-2.40-66"
        }
      }
    },
    "gnumake@4.4.1": {
      "last_modified": "2024-10-13T23:44:06Z",
      "resolved": "github:NixOS/nixpkgs/d4f247e89f6e10120f911e2e2d2254a050d0f732#gnumake",
      "source": "devbox-search",
      "version": "4.4.1",
      "systems": {
        "aarch64-darwin": {
          "store_path": "/nix/store/xqd18p6bfh63xgy6r27ryj43m05sygfd-gnumake-4.4.1"
        },
        "aarch64-linux": {
          "store_path": "/nix/store/7vavvidkcwpkcv7vl2k695w1sj3d0v6d-gnumake-4.4.1"
        },
        "x86_64-darwin": {
          "store_path": "/nix/store/1f90m5f11kfyyg198qblv1x7blycfvfd-gnumake-4.4.1"
        },
        "x86_64-linux": {
          "store_path": "/nix/store/w44ahngg3y69rpq62f4agzl747y872as-gnumake-4.4.1"
        }
      }
    },
    "go@1.23.8": {
      "last_modified": "2025-04-02T04:26:43Z",
      "resolved": "github:NixOS/nixpkgs/b7ba7f9f45c5cd0d8625e9e217c28f8eb6a19a76#go_1_23",
      "source": "devbox-search",
      "version": "1.23.8",
      "systems": {
        "aarch64-darwin": {
          "outputs": [
            {
              "name": "out",
              "path": "/nix/store/sis9p5cc9s4q8hh1fb1hgr0a987bgyra-go-1.23.8",
              "default": true
            }
          ],
          "store_path": "/nix/store/sis9p5cc9s4q8hh1fb1hgr0a987bgyra-go-1.23.8"
        },
        "aarch64-linux": {
          "outputs": [
            {
              "name": "out",
              "path": "/nix/store/i3kpb1nl3cmkbk7ghphyj61m223j1wm0-go-1.23.8",
              "default": true
            }
          ],
          "store_path": "/nix/store/i3kpb1nl3cmkbk7ghphyj61m223j1wm0-go-1.23.8"
        },
        "x86_64-darwin": {
          "outputs": [
            {
              "name": "out",
              "path": "/nix/store/kaxcl8h3s1h2k72k3pdhdv3zhysfd6xd-go-1.23.8",
              "default": true
            }
          ],
          "store_path": "/nix/store/kaxcl8h3s1h2k72k3pdhdv3zhysfd6xd-go-1.23.8"
        },
        "x86_64-linux": {
          "outputs": [
            {
              "name": "out",
              "path": "/nix/store/23c2fm7x6646n3r11c0j971fa3g6vd4h-go-1.23.8",
              "default": true
            }
          ],
          "store_path": "/nix/store/23c2fm7x6646n3r11c0j971fa3g6vd4h-go-1.23.8"
        }
      }
    },
    "kubernetes-helm@3.13.3": {
      "last_modified": "2024-01-27T14:55:31Z",
      "resolved": "github:NixOS/nixpkgs/160b762eda6d139ac10ae081f8f78d640dd523eb#kubernetes-helm",
      "source": "devbox-search",
      "version": "3.13.3",
      "systems": {
        "aarch64-darwin": {
          "store_path": "/nix/store/s15ghsgbb8ziwm5wzd547gh8h0pv54wa-kubernetes-helm-3.13.3"
        },
        "aarch64-linux": {
          "store_path": "/nix/store/gp97zk09cv9b3kd6x0df5p6i2lijclqy-kubernetes-helm-3.13.3"
        },
        "x86_64-darwin": {
          "store_path": "/nix/store/iia083d6skha9sg80plvjjfzql2by8rc-kubernetes-helm-3.13.3"
        },
        "x86_64-linux": {
          "store_path": "/nix/store/jv37f1mm61bspinaw9q2hq67vn9qydyk-kubernetes-helm-3.13.3"
        }
      }
    },
    "libxml2@2.13.3": {
      "last_modified": "2024-10-08T08:54:18Z",
      "resolved": "github:NixOS/nixpkgs/a2eacc0c62c0537bd1a7a60c1f91d1f3a59fd013#libxml2",
      "source": "devbox-search",
      "version": "2.13.3",
      "systems": {
        "aarch64-darwin": {
          "store_path": "/nix/store/7gi1kd2mz9jc8ya4lkqhlv9vklc5qr2j-libxml2-2.13.3-bin"
        },
        "aarch64-linux": {
          "store_path": "/nix/store/gxpp5r2nbs3s0n5rw0jbnm1k5lhxrx13-libxml2-2.13.3-bin"
        },
        "x86_64-darwin": {
          "store_path": "/nix/store/gg4x2l8wy3lkd94bxpl0z7gnn9pa365i-libxml2-2.13.3-bin"
        },
        "x86_64-linux": {
          "store_path": "/nix/store/2y4a178s4w60v4m8749xhaawf8ga7cw5-libxml2-2.13.3-bin"
        }
      }
    },
    "maven@3.9.6": {
      "last_modified": "2024-06-12T20:55:33Z",
      "resolved": "github:NixOS/nixpkgs/a9858885e197f984d92d7fe64e9fff6b2e488d40#maven",
      "source": "devbox-search",
      "version": "3.9.6",
      "systems": {
        "aarch64-darwin": {
          "store_path": "/nix/store/anjg4vldn49by6biv5xnhqq1mg34pbf2-apache-maven-3.9.6"
        },
        "aarch64-linux": {
          "store_path": "/nix/store/x0b2lf5938xbqkmyy0dy3m5scbzhn758-apache-maven-3.9.6"
        },
        "x86_64-darwin": {
          "store_path": "/nix/store/w6crqg0hzr9ywg4nfkiqhkfy9rscq5pz-apache-maven-3.9.6"
        },
        "x86_64-linux": {
          "store_path": "/nix/store/21kyz6bqsr97gjd3lc8g600zc1cksd1d-apache-maven-3.9.6"
        }
      }
    },
    "nodejs@22.11.0": {
      "last_modified": "2024-12-23T21:10:33Z",
      "plugin_version": "0.0.2",
      "resolved": "github:NixOS/nixpkgs/de1864217bfa9b5845f465e771e0ecb48b30e02d#nodejs_22",
      "source": "devbox-search",
      "version": "22.11.0",
      "systems": {
        "aarch64-darwin": {
          "outputs": [
            {
              "name": "out",
              "path": "/nix/store/9vkabbbbyfn8hv5l1r8fm59d27imq460-nodejs-22.11.0",
              "default": true
            },
            {
              "name": "libv8",
              "path": "/nix/store/m3rxxwm6jp95kjmh4rklqn0d76biz6wm-nodejs-22.11.0-libv8"
            }
          ],
          "store_path": "/nix/store/9vkabbbbyfn8hv5l1r8fm59d27imq460-nodejs-22.11.0"
        },
        "aarch64-linux": {
          "outputs": [
            {
              "name": "out",
              "path": "/nix/store/z2lznj5fq0wagkhj7nkgmb5yr4gyv0ws-nodejs-22.11.0",
              "default": true
            },
            {
              "name": "libv8",
              "path": "/nix/store/0xiwppqyszilzy9cg71c26fxg5qcxh89-nodejs-22.11.0-libv8"
            }
          ],
          "store_path": "/nix/store/z2lznj5fq0wagkhj7nkgmb5yr4gyv0ws-nodejs-22.11.0"
        },
        "x86_64-darwin": {
          "outputs": [
            {
              "name": "out",
              "path": "/nix/store/s81s2z275wnjazk4ij3zvn6kslfa5ipf-nodejs-22.11.0",
              "default": true
            },
            {
              "name": "libv8",
              "path": "/nix/store/mm87n14lp5akdjlfwh1yg4l93zm8gv9h-nodejs-22.11.0-libv8"
            }
          ],
          "store_path": "/nix/store/s81s2z275wnjazk4ij3zvn6kslfa5ipf-nodejs-22.11.0"
        },
        "x86_64-linux": {
          "outputs": [
            {
              "name": "out",
              "path": "/nix/store/fkyp1bm5gll9adnfcj92snyym524mdrj-nodejs-22.11.0",
              "default": true
            },
            {
              "name": "libv8",
              "path": "/nix/store/fyaac3q8qn3zfxy72airfabm3dakmgf5-nodejs-22.11.0-libv8"
            }
          ],
          "store_path": "/nix/store/fkyp1bm5gll9adnfcj92snyym524mdrj-nodejs-22.11.0"
        }
      }
    },
    "python@3.12.2": {
      "last_modified": "2024-04-02T02:53:36Z",
      "plugin_version": "0.0.4",
      "resolved": "github:NixOS/nixpkgs/080a4a27f206d07724b88da096e27ef63401a504#python312",
      "source": "devbox-search",
      "version": "3.12.2",
      "systems": {
        "aarch64-darwin": {
          "store_path": "/nix/store/simlsc51c938d0vxhyl83dsf68xj8i7v-python3-3.12.2"
        },
        "aarch64-linux": {
          "store_path": "/nix/store/zhfvydhmllj2k1vbb0lv40fq09awp7qr-python3-3.12.2"
        },
        "x86_64-darwin": {
          "store_path": "/nix/store/62ksbv6mp5cz2ggcpwal4j6a5biiy5r1-python3-3.12.2"
        },
        "x86_64-linux": {
          "store_path": "/nix/store/fmwqa8nvva4sh18bqayzrilrzxq9fm0f-python3-3.12.2"
        }
      }
    },
    "temurin-bin-17@17.0.9": {
      "last_modified": "2024-06-12T20:55:33Z",
      "resolved": "github:NixOS/nixpkgs/a9858885e197f984d92d7fe64e9fff6b2e488d40#temurin-bin-17",
      "source": "devbox-search",
      "version": "17.0.9",
      "systems": {
        "aarch64-darwin": {
          "outputs": [
            {
              "name": "out",
              "path": "/nix/store/6dfds89qqlzg4rdp9bf3nlpisx05lmcj-temurin-bin-17.0.9",
              "default": true
            }
          ],
          "store_path": "/nix/store/6dfds89qqlzg4rdp9bf3nlpisx05lmcj-temurin-bin-17.0.9"
        },
        "aarch64-linux": {
          "outputs": [
            {
              "name": "out",
              "path": "/nix/store/xbkf0hfcaw0jbqf7pm70xwinn655pz50-temurin-bin-17.0.9",
              "default": true
            }
          ],
          "store_path": "/nix/store/xbkf0hfcaw0jbqf7pm70xwinn655pz50-temurin-bin-17.0.9"
        },
        "x86_64-darwin": {
          "outputs": [
            {
              "name": "out",
              "path": "/nix/store/rxi440bp4g1njffgrbl5w1209hclawxn-temurin-bin-17.0.9",
              "default": true
            }
          ],
          "store_path": "/nix/store/rxi440bp4g1njffgrbl5w1209hclawxn-temurin-bin-17.0.9"
        },
        "x86_64-linux": {
          "outputs": [
            {
              "name": "out",
              "path": "/nix/store/55gj16bms465y8giaf5jch2bbs12yrbf-temurin-bin-17.0.9",
              "default": true
            }
          ],
          "store_path": "/nix/store/55gj16bms465y8giaf5jch2bbs12yrbf-temurin-bin-17.0.9"
        }
      }
    }
  }
}
