# THIS IS AN AUTOGENERATED FILE. DO NOT EDIT THIS FILE DIRECTLY.
# yarn lockfile v1


"@kiegroup/monaco-editor@2.1.0":
  version "2.1.0"
  resolved "https://registry.yarnpkg.com/@kiegroup/monaco-editor/-/monaco-editor-2.1.0.tgz#70b2bd4f0888bc02b1361893226ba71aa07f50bd"
  integrity sha512-YcZ65b1dJgqm/b93F2IThvXTvqHKfdAD9v+M8nmd2UA8wVjfnqMGcgxIA3qA67BG8mioV99DbQ+HSoqKMiGjHQ==
