dependencies:
- name: cors_proxy
  repository: ""
  version: 10.0.999
- name: extended_services
  repository: ""
  version: 10.0.999
- name: kie_sandbox
  repository: ""
  version: 10.0.999
digest: sha256:ad318af69d2ea06af99ef5e3a782c7238a2d5096aa708d75ea6f6ade73f9813f
generated: "2024-08-01T13:10:06.026336735+02:00"
