# THIS IS AN AUTOGENERATED FILE. DO NOT EDIT THIS FILE DIRECTLY.
# yarn lockfile v1


"@kiegroup/monaco-editor@2.3.0":
  version "2.3.0"
  resolved "https://registry.yarnpkg.com/@kiegroup/monaco-editor/-/monaco-editor-2.3.0.tgz#6a3480fff8c3e8e19beb29368b07da2f3f1c13a1"
  integrity sha512-Q5cQZzENImglp4XygBDkUhQeWIQ5EtKCqX9yEzuxQCqOsdU4Ghi1v8qhWPtasnRmPcF9JMJp/qjzR9rgyTpFZg==
